
Microsoft Visual Studio Solution File, Format Version 12.00
# Visual Studio Version 16
VisualStudioVersion = 16.0.29201.188
MinimumVisualStudioVersion = 10.0.40219.1
Project("{FAE04EC0-301F-11D3-BF4B-00C04F79EFBC}") = "MySchool.Web", "MySchool.Web\MySchool.Web.csproj", "{D4243938-0B1F-4CB5-9121-F99CC58D52C8}"
EndProject
Project("{FAE04EC0-301F-11D3-BF4B-00C04F79EFBC}") = "MySchool.Data", "MySchool.Data\MySchool.Data.csproj", "{5E06CD44-7C46-432D-BF6F-B46C53E08555}"
EndProject
Project("{FAE04EC0-301F-11D3-BF4B-00C04F79EFBC}") = "MySchool.Data.Models", "MySchool.Data.Models\MySchool.Data.Models.csproj", "{1DFE973E-BF93-4425-95FE-016E36CED370}"
EndProject
Global
	GlobalSection(SolutionConfigurationPlatforms) = preSolution
		Debug|Any CPU = Debug|Any CPU
		Release|Any CPU = Release|Any CPU
	EndGlobalSection
	GlobalSection(ProjectConfigurationPlatforms) = postSolution
		{D4243938-0B1F-4CB5-9121-F99CC58D52C8}.Debug|Any CPU.ActiveCfg = Debug|Any CPU
		{D4243938-0B1F-4CB5-9121-F99CC58D52C8}.Debug|Any CPU.Build.0 = Debug|Any CPU
		{D4243938-0B1F-4CB5-9121-F99CC58D52C8}.Release|Any CPU.ActiveCfg = Release|Any CPU
		{D4243938-0B1F-4CB5-9121-F99CC58D52C8}.Release|Any CPU.Build.0 = Release|Any CPU
		{5E06CD44-7C46-432D-BF6F-B46C53E08555}.Debug|Any CPU.ActiveCfg = Debug|Any CPU
		{5E06CD44-7C46-432D-BF6F-B46C53E08555}.Debug|Any CPU.Build.0 = Debug|Any CPU
		{5E06CD44-7C46-432D-BF6F-B46C53E08555}.Release|Any CPU.ActiveCfg = Release|Any CPU
		{5E06CD44-7C46-432D-BF6F-B46C53E08555}.Release|Any CPU.Build.0 = Release|Any CPU
		{1DFE973E-BF93-4425-95FE-016E36CED370}.Debug|Any CPU.ActiveCfg = Debug|Any CPU
		{1DFE973E-BF93-4425-95FE-016E36CED370}.Debug|Any CPU.Build.0 = Debug|Any CPU
		{1DFE973E-BF93-4425-95FE-016E36CED370}.Release|Any CPU.ActiveCfg = Release|Any CPU
		{1DFE973E-BF93-4425-95FE-016E36CED370}.Release|Any CPU.Build.0 = Release|Any CPU
	EndGlobalSection
	GlobalSection(SolutionProperties) = preSolution
		HideSolutionNode = FALSE
	EndGlobalSection
	GlobalSection(ExtensibilityGlobals) = postSolution
		SolutionGuid = {774FAB95-9730-4DB7-B93F-D127F63D3C0A}
	EndGlobalSection
EndGlobal
